
Microsoft Visual Studio Solution File, Format Version 12.00
# Visual Studio 15
Project("{FAE04EC0-301F-11D3-BF4B-00C04F79EFBC}") = "PriceCheck", "PriceCheck\PriceCheck.csproj", "{BC8D6388-7636-41D1-AA5D-BE0ABFA923B4}"
EndProject
Global
	GlobalSection(SolutionConfigurationPlatforms) = preSolution
		Debug|Any CPU = Debug|Any CPU
		Release|Any CPU = Release|Any CPU
	EndGlobalSection
	GlobalSection(ProjectConfigurationPlatforms) = postSolution
		{BC8D6388-7636-41D1-AA5D-BE0ABFA923B4}.Debug|Any CPU.ActiveCfg = Debug|Any CPU
		{BC8D6388-7636-41D1-AA5D-BE0ABFA923B4}.Debug|Any CPU.Build.0 = Debug|Any CPU
		{BC8D6388-7636-41D1-AA5D-BE0ABFA923B4}.Release|Any CPU.ActiveCfg = Release|Any CPU
		{BC8D6388-7636-41D1-AA5D-BE0ABFA923B4}.Release|Any CPU.Build.0 = Release|Any CPU
	EndGlobalSection
EndGlobal
